
Microsoft Visual Studio Solution File, Format Version 12.00
# Visual Studio 15
Project("{FAE04EC0-301F-11D3-BF4B-00C04F79EFBC}") = "fizzbuzzC", "fizzbuzzC\fizzbuzzC.csproj", "{B128527B-F66E-42FD-ADD1-2FD2A3B06DED}"
EndProject
Project("{FAE04EC0-301F-11D3-BF4B-00C04F79EFBC}") = "FizzbuzzCTests", "FizzbuzzCTests\FizzbuzzCTests.csproj", "{68BEBAB9-8F0F-46CC-980F-7BA7B8571F3A}"
EndProject
Global
	GlobalSection(SolutionConfigurationPlatforms) = preSolution
		Debug|Any CPU = Debug|Any CPU
		Release|Any CPU = Release|Any CPU
	EndGlobalSection
	GlobalSection(ProjectConfigurationPlatforms) = postSolution
		{B128527B-F66E-42FD-ADD1-2FD2A3B06DED}.Debug|Any CPU.ActiveCfg = Debug|Any CPU
		{B128527B-F66E-42FD-ADD1-2FD2A3B06DED}.Debug|Any CPU.Build.0 = Debug|Any CPU
		{B128527B-F66E-42FD-ADD1-2FD2A3B06DED}.Release|Any CPU.ActiveCfg = Release|Any CPU
		{B128527B-F66E-42FD-ADD1-2FD2A3B06DED}.Release|Any CPU.Build.0 = Release|Any CPU
		{68BEBAB9-8F0F-46CC-980F-7BA7B8571F3A}.Debug|Any CPU.ActiveCfg = Debug|Any CPU
		{68BEBAB9-8F0F-46CC-980F-7BA7B8571F3A}.Debug|Any CPU.Build.0 = Debug|Any CPU
		{68BEBAB9-8F0F-46CC-980F-7BA7B8571F3A}.Release|Any CPU.ActiveCfg = Release|Any CPU
		{68BEBAB9-8F0F-46CC-980F-7BA7B8571F3A}.Release|Any CPU.Build.0 = Release|Any CPU
	EndGlobalSection
EndGlobal
